{
  "name": "navigation",
  "version": "1.0.0",
  "lockfileVersion": 3,
  "requires": true,
  "packages": {
    "": {
      "name": "navigation",
      "version": "1.0.0",
      "license": "ISC",
      "dependencies": {
        "@babel/runtime": "^7.28.6",
        "tdesign-miniprogram": "^1.12.3"
      }
    },
    "node_modules/@babel/runtime": {
      "version": "7.28.6",
      "resolved": "https://registry.npmmirror.com/@babel/runtime/-/runtime-7.28.6.tgz",
      "integrity": "sha512-05WQkdpL9COIMz4LjTxGpPNCdlpyimKppYNoJ5Di5EUObifl8t4tuLuUBBZEpoLYOmfvIWrsp9fCl0HoPRVTdA==",
      "license": "MIT",
      "engines": {
        "node": ">=6.9.0"
      }
    },
    "node_modules/tdesign-miniprogram": {
      "version": "1.12.3",
      "resolved": "https://registry.npmmirror.com/tdesign-miniprogram/-/tdesign-miniprogram-1.12.3.tgz",
      "integrity": "sha512-F4nMv/ph3yyq9bO4RrJuB9x9VWyKIN6lV1HqFaV4AsR0cpDoBYtGYLPOFejvj0MYDSntSHLMVe1nm0fqsXUaUQ==",
      "license": "MIT"
    }
  }
}
